
Microsoft Visual Studio Solution File, Format Version 12.00
# Visual Studio Version 17
VisualStudioVersion = 17.6.33801.468
MinimumVisualStudioVersion = 10.0.40219.1
Project("{9A19103F-16F7-4668-BE54-9A1E7A4F7556}") = "KH.Lab.WebAPIJWT", "KH.Lab.WebAPIJWT\KH.Lab.WebAPIJWT.csproj", "{C7024B37-5C6C-43A3-AE85-BF63A9BE6335}"
EndProject
Project("{9A19103F-16F7-4668-BE54-9A1E7A4F7556}") = "KH.Lab.WebAPI_Dapper_Caching", "KH.Lab.WebAPI_Dapper_Caching\KH.Lab.WebAPI_Dapper_Caching.csproj", "{9133E59D-A51B-4E00-B4E3-96B06E3D9F79}"
EndProject
Project("{2150E333-8FDC-42A3-9474-1A3956D46DE8}") = "Utility", "Utility", "{FD1F3AE6-7621-494C-9F56-9CE77B6F66C4}"
EndProject
Project("{9A19103F-16F7-4668-BE54-9A1E7A4F7556}") = "Presco.Utility.Caching.Memory", "..\..\Prescoec\Presco.Utility\Presco.Utility.Caching.Memory\Presco.Utility.Caching.Memory.csproj", "{AFD2C0C1-6246-44BF-B4A8-4AEEADDB4DDF}"
EndProject
Project("{9A19103F-16F7-4668-BE54-9A1E7A4F7556}") = "Presco.Utility.Caching.Redis", "..\..\Prescoec\Presco.Utility\Presco.Utility.Caching.Redis\Presco.Utility.Caching.Redis.csproj", "{3B9467E7-7133-46A6-A4A5-3F516A81A8E5}"
EndProject
Project("{9A19103F-16F7-4668-BE54-9A1E7A4F7556}") = "Presco.Utility.Caching", "..\..\Prescoec\Presco.Utility\Presco.Utility.Caching\Presco.Utility.Caching.csproj", "{6093AE7E-7BDC-428C-90EB-90E92C34FA01}"
EndProject
Project("{9A19103F-16F7-4668-BE54-9A1E7A4F7556}") = "Presco.Utility.Caching.Redis.StackExchange", "..\..\Prescoec\Presco.Utility\Presco.Utility.Caching.Redis.StackExchange\Presco.Utility.Caching.Redis.StackExchange.csproj", "{99F415C9-C90D-48ED-B8AB-3AA6D18B361D}"
EndProject
Project("{9A19103F-16F7-4668-BE54-9A1E7A4F7556}") = "Presco.Utility.Caching.Redis.NewLife", "..\..\Prescoec\Presco.Utility\Presco.Utility.Caching.Redis.NewLife\Presco.Utility.Caching.Redis.NewLife.csproj", "{B7287A5C-B76F-4575-B9E5-341474D57444}"
EndProject
Project("{9A19103F-16F7-4668-BE54-9A1E7A4F7556}") = "Presco.Utility.Cookie", "..\..\Prescoec\Presco.Utility\Presco.Utility.Cookie\Presco.Utility.Cookie.csproj", "{FE27D06A-6F8B-486C-B428-14596B62B5A9}"
EndProject
Project("{2150E333-8FDC-42A3-9474-1A3956D46DE8}") = "Test", "Test", "{3906AF14-FF69-436F-8210-6FFC7634639A}"
EndProject
Project("{FAE04EC0-301F-11D3-BF4B-00C04F79EFBC}") = "KH.Lab.WebAPIJWT.Test", "KH.Lab.WebAPIJWT.Test\KH.Lab.WebAPIJWT.Test.csproj", "{53B50354-7F70-481A-BFFD-68FE85706F10}"
EndProject
Global
	GlobalSection(SolutionConfigurationPlatforms) = preSolution
		Debug|Any CPU = Debug|Any CPU
		Release|Any CPU = Release|Any CPU
	EndGlobalSection
	GlobalSection(ProjectConfigurationPlatforms) = postSolution
		{C7024B37-5C6C-43A3-AE85-BF63A9BE6335}.Debug|Any CPU.ActiveCfg = Debug|Any CPU
		{C7024B37-5C6C-43A3-AE85-BF63A9BE6335}.Debug|Any CPU.Build.0 = Debug|Any CPU
		{C7024B37-5C6C-43A3-AE85-BF63A9BE6335}.Release|Any CPU.ActiveCfg = Release|Any CPU
		{C7024B37-5C6C-43A3-AE85-BF63A9BE6335}.Release|Any CPU.Build.0 = Release|Any CPU
		{9133E59D-A51B-4E00-B4E3-96B06E3D9F79}.Debug|Any CPU.ActiveCfg = Debug|Any CPU
		{9133E59D-A51B-4E00-B4E3-96B06E3D9F79}.Debug|Any CPU.Build.0 = Debug|Any CPU
		{9133E59D-A51B-4E00-B4E3-96B06E3D9F79}.Release|Any CPU.ActiveCfg = Release|Any CPU
		{9133E59D-A51B-4E00-B4E3-96B06E3D9F79}.Release|Any CPU.Build.0 = Release|Any CPU
		{AFD2C0C1-6246-44BF-B4A8-4AEEADDB4DDF}.Debug|Any CPU.ActiveCfg = Debug|Any CPU
		{AFD2C0C1-6246-44BF-B4A8-4AEEADDB4DDF}.Debug|Any CPU.Build.0 = Debug|Any CPU
		{AFD2C0C1-6246-44BF-B4A8-4AEEADDB4DDF}.Release|Any CPU.ActiveCfg = Release|Any CPU
		{AFD2C0C1-6246-44BF-B4A8-4AEEADDB4DDF}.Release|Any CPU.Build.0 = Release|Any CPU
		{3B9467E7-7133-46A6-A4A5-3F516A81A8E5}.Debug|Any CPU.ActiveCfg = Debug|Any CPU
		{3B9467E7-7133-46A6-A4A5-3F516A81A8E5}.Debug|Any CPU.Build.0 = Debug|Any CPU
		{3B9467E7-7133-46A6-A4A5-3F516A81A8E5}.Release|Any CPU.ActiveCfg = Release|Any CPU
		{3B9467E7-7133-46A6-A4A5-3F516A81A8E5}.Release|Any CPU.Build.0 = Release|Any CPU
		{6093AE7E-7BDC-428C-90EB-90E92C34FA01}.Debug|Any CPU.ActiveCfg = Debug|Any CPU
		{6093AE7E-7BDC-428C-90EB-90E92C34FA01}.Debug|Any CPU.Build.0 = Debug|Any CPU
		{6093AE7E-7BDC-428C-90EB-90E92C34FA01}.Release|Any CPU.ActiveCfg = Release|Any CPU
		{6093AE7E-7BDC-428C-90EB-90E92C34FA01}.Release|Any CPU.Build.0 = Release|Any CPU
		{99F415C9-C90D-48ED-B8AB-3AA6D18B361D}.Debug|Any CPU.ActiveCfg = Debug|Any CPU
		{99F415C9-C90D-48ED-B8AB-3AA6D18B361D}.Debug|Any CPU.Build.0 = Debug|Any CPU
		{99F415C9-C90D-48ED-B8AB-3AA6D18B361D}.Release|Any CPU.ActiveCfg = Release|Any CPU
		{99F415C9-C90D-48ED-B8AB-3AA6D18B361D}.Release|Any CPU.Build.0 = Release|Any CPU
		{B7287A5C-B76F-4575-B9E5-341474D57444}.Debug|Any CPU.ActiveCfg = Debug|Any CPU
		{B7287A5C-B76F-4575-B9E5-341474D57444}.Debug|Any CPU.Build.0 = Debug|Any CPU
		{B7287A5C-B76F-4575-B9E5-341474D57444}.Release|Any CPU.ActiveCfg = Release|Any CPU
		{B7287A5C-B76F-4575-B9E5-341474D57444}.Release|Any CPU.Build.0 = Release|Any CPU
		{FE27D06A-6F8B-486C-B428-14596B62B5A9}.Debug|Any CPU.ActiveCfg = Debug|Any CPU
		{FE27D06A-6F8B-486C-B428-14596B62B5A9}.Debug|Any CPU.Build.0 = Debug|Any CPU
		{FE27D06A-6F8B-486C-B428-14596B62B5A9}.Release|Any CPU.ActiveCfg = Release|Any CPU
		{FE27D06A-6F8B-486C-B428-14596B62B5A9}.Release|Any CPU.Build.0 = Release|Any CPU
		{53B50354-7F70-481A-BFFD-68FE85706F10}.Debug|Any CPU.ActiveCfg = Debug|Any CPU
		{53B50354-7F70-481A-BFFD-68FE85706F10}.Debug|Any CPU.Build.0 = Debug|Any CPU
		{53B50354-7F70-481A-BFFD-68FE85706F10}.Release|Any CPU.ActiveCfg = Release|Any CPU
		{53B50354-7F70-481A-BFFD-68FE85706F10}.Release|Any CPU.Build.0 = Release|Any CPU
	EndGlobalSection
	GlobalSection(SolutionProperties) = preSolution
		HideSolutionNode = FALSE
	EndGlobalSection
	GlobalSection(NestedProjects) = preSolution
		{AFD2C0C1-6246-44BF-B4A8-4AEEADDB4DDF} = {FD1F3AE6-7621-494C-9F56-9CE77B6F66C4}
		{3B9467E7-7133-46A6-A4A5-3F516A81A8E5} = {FD1F3AE6-7621-494C-9F56-9CE77B6F66C4}
		{6093AE7E-7BDC-428C-90EB-90E92C34FA01} = {FD1F3AE6-7621-494C-9F56-9CE77B6F66C4}
		{99F415C9-C90D-48ED-B8AB-3AA6D18B361D} = {FD1F3AE6-7621-494C-9F56-9CE77B6F66C4}
		{B7287A5C-B76F-4575-B9E5-341474D57444} = {FD1F3AE6-7621-494C-9F56-9CE77B6F66C4}
		{FE27D06A-6F8B-486C-B428-14596B62B5A9} = {FD1F3AE6-7621-494C-9F56-9CE77B6F66C4}
		{53B50354-7F70-481A-BFFD-68FE85706F10} = {3906AF14-FF69-436F-8210-6FFC7634639A}
	EndGlobalSection
	GlobalSection(ExtensibilityGlobals) = postSolution
		SolutionGuid = {4322B92F-7F82-4D95-8A41-A83A4EBA0B06}
	EndGlobalSection
EndGlobal
